
Microsoft Visual Studio Solution File, Format Version 12.00
Project("{FAE04EC0-301F-11D3-BF4B-00C04F79EFBC}") = "HappyBot.Api", "HappyBot.Api\HappyBot.Api.csproj", "{B71A7E60-F48D-43AF-BD38-3AAD460B8298}"
EndProject
Project("{FAE04EC0-301F-11D3-BF4B-00C04F79EFBC}") = "HappyBot.Domain", "HappyBot.Domain\HappyBot.Domain.csproj", "{2D5ECB9C-387F-444A-8C5F-F4A75A3AE5E5}"
EndProject
Project("{FAE04EC0-301F-11D3-BF4B-00C04F79EFBC}") = "HappyBot.Application", "HappyBot.Application\HappyBot.Application.csproj", "{B389E3B9-8721-4E80-B625-5CC71AC5DF38}"
EndProject
Project("{FAE04EC0-301F-11D3-BF4B-00C04F79EFBC}") = "HappyBot.Infrastructure", "HappyBot.Infrastructure\HappyBot.Infrastructure.csproj", "{49274434-3AC2-4F48-BA94-88450A729B83}"
EndProject
Project("{FAE04EC0-301F-11D3-BF4B-00C04F79EFBC}") = "HappyBot.Application.MainBot", "HappyBot.Application.MainBot\HappyBot.Application.MainBot.csproj", "{93AE4519-F5D9-48CF-AF9C-13F50168BD18}"
EndProject
Project("{FAE04EC0-301F-11D3-BF4B-00C04F79EFBC}") = "HappyBot.Application.MinorBot", "HappyBot.Application.MinorBot\HappyBot.Application.MinorBot.csproj", "{C0A4846A-7263-46A6-9C06-7E6BF850586D}"
EndProject
Global
	GlobalSection(SolutionConfigurationPlatforms) = preSolution
		Debug|Any CPU = Debug|Any CPU
		Release|Any CPU = Release|Any CPU
	EndGlobalSection
	GlobalSection(ProjectConfigurationPlatforms) = postSolution
		{B71A7E60-F48D-43AF-BD38-3AAD460B8298}.Debug|Any CPU.ActiveCfg = Debug|Any CPU
		{B71A7E60-F48D-43AF-BD38-3AAD460B8298}.Debug|Any CPU.Build.0 = Debug|Any CPU
		{B71A7E60-F48D-43AF-BD38-3AAD460B8298}.Release|Any CPU.ActiveCfg = Release|Any CPU
		{B71A7E60-F48D-43AF-BD38-3AAD460B8298}.Release|Any CPU.Build.0 = Release|Any CPU
		{2D5ECB9C-387F-444A-8C5F-F4A75A3AE5E5}.Debug|Any CPU.ActiveCfg = Debug|Any CPU
		{2D5ECB9C-387F-444A-8C5F-F4A75A3AE5E5}.Debug|Any CPU.Build.0 = Debug|Any CPU
		{2D5ECB9C-387F-444A-8C5F-F4A75A3AE5E5}.Release|Any CPU.ActiveCfg = Release|Any CPU
		{2D5ECB9C-387F-444A-8C5F-F4A75A3AE5E5}.Release|Any CPU.Build.0 = Release|Any CPU
		{B389E3B9-8721-4E80-B625-5CC71AC5DF38}.Debug|Any CPU.ActiveCfg = Debug|Any CPU
		{B389E3B9-8721-4E80-B625-5CC71AC5DF38}.Debug|Any CPU.Build.0 = Debug|Any CPU
		{B389E3B9-8721-4E80-B625-5CC71AC5DF38}.Release|Any CPU.ActiveCfg = Release|Any CPU
		{B389E3B9-8721-4E80-B625-5CC71AC5DF38}.Release|Any CPU.Build.0 = Release|Any CPU
		{49274434-3AC2-4F48-BA94-88450A729B83}.Debug|Any CPU.ActiveCfg = Debug|Any CPU
		{49274434-3AC2-4F48-BA94-88450A729B83}.Debug|Any CPU.Build.0 = Debug|Any CPU
		{49274434-3AC2-4F48-BA94-88450A729B83}.Release|Any CPU.ActiveCfg = Release|Any CPU
		{49274434-3AC2-4F48-BA94-88450A729B83}.Release|Any CPU.Build.0 = Release|Any CPU
		{93AE4519-F5D9-48CF-AF9C-13F50168BD18}.Debug|Any CPU.ActiveCfg = Debug|Any CPU
		{93AE4519-F5D9-48CF-AF9C-13F50168BD18}.Debug|Any CPU.Build.0 = Debug|Any CPU
		{93AE4519-F5D9-48CF-AF9C-13F50168BD18}.Release|Any CPU.ActiveCfg = Release|Any CPU
		{93AE4519-F5D9-48CF-AF9C-13F50168BD18}.Release|Any CPU.Build.0 = Release|Any CPU
		{C0A4846A-7263-46A6-9C06-7E6BF850586D}.Debug|Any CPU.ActiveCfg = Debug|Any CPU
		{C0A4846A-7263-46A6-9C06-7E6BF850586D}.Debug|Any CPU.Build.0 = Debug|Any CPU
		{C0A4846A-7263-46A6-9C06-7E6BF850586D}.Release|Any CPU.ActiveCfg = Release|Any CPU
		{C0A4846A-7263-46A6-9C06-7E6BF850586D}.Release|Any CPU.Build.0 = Release|Any CPU
	EndGlobalSection
EndGlobal
